
Microsoft Visual Studio Solution File, Format Version 12.00
# Visual Studio Version 17
VisualStudioVersion = 17.3.32929.385
MinimumVisualStudioVersion = 10.0.40219.1
Project("{FAE04EC0-301F-11D3-BF4B-00C04F79EFBC}") = "FriendCore", "FriendCore\FriendCore.csproj", "{9AC9E171-B10E-4A28-8C5B-527A78CFB787}"
EndProject
Global
	GlobalSection(SolutionConfigurationPlatforms) = preSolution
		Debug|Any CPU = Debug|Any CPU
		Release|Any CPU = Release|Any CPU
	EndGlobalSection
	GlobalSection(ProjectConfigurationPlatforms) = postSolution
		{9AC9E171-B10E-4A28-8C5B-527A78CFB787}.Debug|Any CPU.ActiveCfg = Debug|Any CPU
		{9AC9E171-B10E-4A28-8C5B-527A78CFB787}.Debug|Any CPU.Build.0 = Debug|Any CPU
		{9AC9E171-B10E-4A28-8C5B-527A78CFB787}.Release|Any CPU.ActiveCfg = Release|Any CPU
		{9AC9E171-B10E-4A28-8C5B-527A78CFB787}.Release|Any CPU.Build.0 = Release|Any CPU
	EndGlobalSection
	GlobalSection(SolutionProperties) = preSolution
		HideSolutionNode = FALSE
	EndGlobalSection
	GlobalSection(ExtensibilityGlobals) = postSolution
		SolutionGuid = {2AB55FBC-8DB3-4793-8EC7-1A1AB2F68163}
	EndGlobalSection
EndGlobal
